
Microsoft Visual Studio Solution File, Format Version 12.00
# Visual Studio Version 17
VisualStudioVersion = 17.4.33205.214
MinimumVisualStudioVersion = 10.0.40219.1
Project("{FAE04EC0-301F-11D3-BF4B-00C04F79EFBC}") = "EG_2020_4069", "EG_2020_4069\EG_2020_4069.csproj", "{D652E691-480C-4DC7-84A8-67AD00E9C0FB}"
EndProject
Global
	GlobalSection(SolutionConfigurationPlatforms) = preSolution
		Debug|Any CPU = Debug|Any CPU
		Release|Any CPU = Release|Any CPU
	EndGlobalSection
	GlobalSection(ProjectConfigurationPlatforms) = postSolution
		{D652E691-480C-4DC7-84A8-67AD00E9C0FB}.Debug|Any CPU.ActiveCfg = Debug|Any CPU
		{D652E691-480C-4DC7-84A8-67AD00E9C0FB}.Debug|Any CPU.Build.0 = Debug|Any CPU
		{D652E691-480C-4DC7-84A8-67AD00E9C0FB}.Release|Any CPU.ActiveCfg = Release|Any CPU
		{D652E691-480C-4DC7-84A8-67AD00E9C0FB}.Release|Any CPU.Build.0 = Release|Any CPU
	EndGlobalSection
	GlobalSection(SolutionProperties) = preSolution
		HideSolutionNode = FALSE
	EndGlobalSection
	GlobalSection(ExtensibilityGlobals) = postSolution
		SolutionGuid = {1DDAF2D5-6E20-4B51-91CA-EAC277E20520}
	EndGlobalSection
EndGlobal
